// !$*UTF8*$!
{
	archiveVersion = 1;
	classes = {
	};
	objectVersion = 56;
	objects = {

/* Begin PBXBuildFile section */
		C8DFD8DB2BBE339F00E2143F /* SwiftUIMemoApp.swift in Sources */ = {isa = PBXBuildFile; fileRef = C8DFD8DA2BBE339F00E2143F /* SwiftUIMemoApp.swift */; };
		C8DFD8DD2BBE339F00E2143F /* Persistence.swift in Sources */ = {isa = PBXBuildFile; fileRef = C8DFD8DC2BBE339F00E2143F /* Persistence.swift */; };
		C8DFD8E02BBE339F00E2143F /* SwiftUIMemo.xcdatamodeld in Sources */ = {isa = PBXBuildFile; fileRef = C8DFD8DE2BBE339F00E2143F /* SwiftUIMemo.xcdatamodeld */; };
		C8DFD8E42BBE33A100E2143F /* Assets.xcassets in Resources */ = {isa = PBXBuildFile; fileRef = C8DFD8E32BBE33A100E2143F /* Assets.xcassets */; };
		C8DFD8E82BBE33A100E2143F /* Preview Assets.xcassets in Resources */ = {isa = PBXBuildFile; fileRef = C8DFD8E72BBE33A100E2143F /* Preview Assets.xcassets */; };
		C8DFD8F22BBE33A100E2143F /* SwiftUIMemoTests.swift in Sources */ = {isa = PBXBuildFile; fileRef = C8DFD8F12BBE33A100E2143F /* SwiftUIMemoTests.swift */; };
		C8DFD8FC2BBE33A100E2143F /* SwiftUIMemoUITests.swift in Sources */ = {isa = PBXBuildFile; fileRef = C8DFD8FB2BBE33A100E2143F /* SwiftUIMemoUITests.swift */; };
		C8DFD8FE2BBE33A100E2143F /* SwiftUIMemoUITestsLaunchTests.swift in Sources */ = {isa = PBXBuildFile; fileRef = C8DFD8FD2BBE33A100E2143F /* SwiftUIMemoUITestsLaunchTests.swift */; };
		C8DFD90B2BBE33EC00E2143F /* MainListView.swift in Sources */ = {isa = PBXBuildFile; fileRef = C8DFD90A2BBE33EC00E2143F /* MainListView.swift */; };
		C8DFD90F2BBE35A900E2143F /* Memo.swift in Sources */ = {isa = PBXBuildFile; fileRef = C8DFD90E2BBE35A900E2143F /* Memo.swift */; };
		C8DFD9112BBE361D00E2143F /* MemoStore.swift in Sources */ = {isa = PBXBuildFile; fileRef = C8DFD9102BBE361D00E2143F /* MemoStore.swift */; };
/* End PBXBuildFile section */

/* Begin PBXContainerItemProxy section */
		C8DFD8EE2BBE33A100E2143F /* PBXContainerItemProxy */ = {
			isa = PBXContainerItemProxy;
			containerPortal = C8DFD8CF2BBE339F00E2143F /* Project object */;
			proxyType = 1;
			remoteGlobalIDString = C8DFD8D62BBE339F00E2143F;
			remoteInfo = SwiftUIMemo;
		};
		C8DFD8F82BBE33A100E2143F /* PBXContainerItemProxy */ = {
			isa = PBXContainerItemProxy;
			containerPortal = C8DFD8CF2BBE339F00E2143F /* Project object */;
			proxyType = 1;
			remoteGlobalIDString = C8DFD8D62BBE339F00E2143F;
			remoteInfo = SwiftUIMemo;
		};
/* End PBXContainerItemProxy section */

/* Begin PBXFileReference section */
		C8DFD8D72BBE339F00E2143F /* SwiftUIMemo.app */ = {isa = PBXFileReference; explicitFileType = wrapper.application; includeInIndex = 0; path = SwiftUIMemo.app; sourceTree = BUILT_PRODUCTS_DIR; };
		C8DFD8DA2BBE339F00E2143F /* SwiftUIMemoApp.swift */ = {isa = PBXFileReference; lastKnownFileType = sourcecode.swift; path = SwiftUIMemoApp.swift; sourceTree = "<group>"; };
		C8DFD8DC2BBE339F00E2143F /* Persistence.swift */ = {isa = PBXFileReference; lastKnownFileType = sourcecode.swift; path = Persistence.swift; sourceTree = "<group>"; };
		C8DFD8DF2BBE339F00E2143F /* SwiftUIMemo.xcdatamodel */ = {isa = PBXFileReference; lastKnownFileType = wrapper.xcdatamodel; path = SwiftUIMemo.xcdatamodel; sourceTree = "<group>"; };
		C8DFD8E32BBE33A100E2143F /* Assets.xcassets */ = {isa = PBXFileReference; lastKnownFileType = folder.assetcatalog; path = Assets.xcassets; sourceTree = "<group>"; };
		C8DFD8E52BBE33A100E2143F /* SwiftUIMemo.entitlements */ = {isa = PBXFileReference; lastKnownFileType = text.plist.entitlements; path = SwiftUIMemo.entitlements; sourceTree = "<group>"; };
		C8DFD8E72BBE33A100E2143F /* Preview Assets.xcassets */ = {isa = PBXFileReference; lastKnownFileType = folder.assetcatalog; path = "Preview Assets.xcassets"; sourceTree = "<group>"; };
		C8DFD8ED2BBE33A100E2143F /* SwiftUIMemoTests.xctest */ = {isa = PBXFileReference; explicitFileType = wrapper.cfbundle; includeInIndex = 0; path = SwiftUIMemoTests.xctest; sourceTree = BUILT_PRODUCTS_DIR; };
		C8DFD8F12BBE33A100E2143F /* SwiftUIMemoTests.swift */ = {isa = PBXFileReference; lastKnownFileType = sourcecode.swift; path = SwiftUIMemoTests.swift; sourceTree = "<group>"; };
		C8DFD8F72BBE33A100E2143F /* SwiftUIMemoUITests.xctest */ = {isa = PBXFileReference; explicitFileType = wrapper.cfbundle; includeInIndex = 0; path = SwiftUIMemoUITests.xctest; sourceTree = BUILT_PRODUCTS_DIR; };
		C8DFD8FB2BBE33A100E2143F /* SwiftUIMemoUITests.swift */ = {isa = PBXFileReference; lastKnownFileType = sourcecode.swift; path = SwiftUIMemoUITests.swift; sourceTree = "<group>"; };
		C8DFD8FD2BBE33A100E2143F /* SwiftUIMemoUITestsLaunchTests.swift */ = {isa = PBXFileReference; lastKnownFileType = sourcecode.swift; path = SwiftUIMemoUITestsLaunchTests.swift; sourceTree = "<group>"; };
		C8DFD90A2BBE33EC00E2143F /* MainListView.swift */ = {isa = PBXFileReference; lastKnownFileType = sourcecode.swift; path = MainListView.swift; sourceTree = "<group>"; };
		C8DFD90E2BBE35A900E2143F /* Memo.swift */ = {isa = PBXFileReference; lastKnownFileType = sourcecode.swift; path = Memo.swift; sourceTree = "<group>"; };
		C8DFD9102BBE361D00E2143F /* MemoStore.swift */ = {isa = PBXFileReference; lastKnownFileType = sourcecode.swift; path = MemoStore.swift; sourceTree = "<group>"; };
/* End PBXFileReference section */

/* Begin PBXFrameworksBuildPhase section */
		C8DFD8D42BBE339F00E2143F /* Frameworks */ = {
			isa = PBXFrameworksBuildPhase;
			buildActionMask = 2147483647;
			files = (
			);
			runOnlyForDeploymentPostprocessing = 0;
		};
		C8DFD8EA2BBE33A100E2143F /* Frameworks */ = {
			isa = PBXFrameworksBuildPhase;
			buildActionMask = 2147483647;
			files = (
			);
			runOnlyForDeploymentPostprocessing = 0;
		};
		C8DFD8F42BBE33A100E2143F /* Frameworks */ = {
			isa = PBXFrameworksBuildPhase;
			buildActionMask = 2147483647;
			files = (
			);
			runOnlyForDeploymentPostprocessing = 0;
		};
/* End PBXFrameworksBuildPhase section */

/* Begin PBXGroup section */
		C8DFD8CE2BBE339F00E2143F = {
			isa = PBXGroup;
			children = (
				C8DFD8D92BBE339F00E2143F /* SwiftUIMemo */,
				C8DFD8F02BBE33A100E2143F /* SwiftUIMemoTests */,
				C8DFD8FA2BBE33A100E2143F /* SwiftUIMemoUITests */,
				C8DFD8D82BBE339F00E2143F /* Products */,
			);
			sourceTree = "<group>";
		};
		C8DFD8D82BBE339F00E2143F /* Products */ = {
			isa = PBXGroup;
			children = (
				C8DFD8D72BBE339F00E2143F /* SwiftUIMemo.app */,
				C8DFD8ED2BBE33A100E2143F /* SwiftUIMemoTests.xctest */,
				C8DFD8F72BBE33A100E2143F /* SwiftUIMemoUITests.xctest */,
			);
			name = Products;
			sourceTree = "<group>";
		};
		C8DFD8D92BBE339F00E2143F /* SwiftUIMemo */ = {
			isa = PBXGroup;
			children = (
				C8DFD90D2BBE343600E2143F /* Memory */,
				C8DFD90C2BBE342F00E2143F /* CoreData */,
				C8DFD8DA2BBE339F00E2143F /* SwiftUIMemoApp.swift */,
				C8DFD90A2BBE33EC00E2143F /* MainListView.swift */,
				C8DFD8E32BBE33A100E2143F /* Assets.xcassets */,
				C8DFD8E52BBE33A100E2143F /* SwiftUIMemo.entitlements */,
				C8DFD8E62BBE33A100E2143F /* Preview Content */,
			);
			path = SwiftUIMemo;
			sourceTree = "<group>";
		};
		C8DFD8E62BBE33A100E2143F /* Preview Content */ = {
			isa = PBXGroup;
			children = (
				C8DFD8E72BBE33A100E2143F /* Preview Assets.xcassets */,
			);
			path = "Preview Content";
			sourceTree = "<group>";
		};
		C8DFD8F02BBE33A100E2143F /* SwiftUIMemoTests */ = {
			isa = PBXGroup;
			children = (
				C8DFD8F12BBE33A100E2143F /* SwiftUIMemoTests.swift */,
			);
			path = SwiftUIMemoTests;
			sourceTree = "<group>";
		};
		C8DFD8FA2BBE33A100E2143F /* SwiftUIMemoUITests */ = {
			isa = PBXGroup;
			children = (
				C8DFD8FB2BBE33A100E2143F /* SwiftUIMemoUITests.swift */,
				C8DFD8FD2BBE33A100E2143F /* SwiftUIMemoUITestsLaunchTests.swift */,
			);
			path = SwiftUIMemoUITests;
			sourceTree = "<group>";
		};
		C8DFD90C2BBE342F00E2143F /* CoreData */ = {
			isa = PBXGroup;
			children = (
				C8DFD8DE2BBE339F00E2143F /* SwiftUIMemo.xcdatamodeld */,
				C8DFD8DC2BBE339F00E2143F /* Persistence.swift */,
			);
			path = CoreData;
			sourceTree = "<group>";
		};
		C8DFD90D2BBE343600E2143F /* Memory */ = {
			isa = PBXGroup;
			children = (
				C8DFD90E2BBE35A900E2143F /* Memo.swift */,
				C8DFD9102BBE361D00E2143F /* MemoStore.swift */,
			);
			path = Memory;
			sourceTree = "<group>";
		};
/* End PBXGroup section */

/* Begin PBXNativeTarget section */
		C8DFD8D62BBE339F00E2143F /* SwiftUIMemo */ = {
			isa = PBXNativeTarget;
			buildConfigurationList = C8DFD9012BBE33A100E2143F /* Build configuration list for PBXNativeTarget "SwiftUIMemo" */;
			buildPhases = (
				C8DFD8D32BBE339F00E2143F /* Sources */,
				C8DFD8D42BBE339F00E2143F /* Frameworks */,
				C8DFD8D52BBE339F00E2143F /* Resources */,
			);
			buildRules = (
			);
			dependencies = (
			);
			name = SwiftUIMemo;
			productName = SwiftUIMemo;
			productReference = C8DFD8D72BBE339F00E2143F /* SwiftUIMemo.app */;
			productType = "com.apple.product-type.application";
		};
		C8DFD8EC2BBE33A100E2143F /* SwiftUIMemoTests */ = {
			isa = PBXNativeTarget;
			buildConfigurationList = C8DFD9042BBE33A100E2143F /* Build configuration list for PBXNativeTarget "SwiftUIMemoTests" */;
			buildPhases = (
				C8DFD8E92BBE33A100E2143F /* Sources */,
				C8DFD8EA2BBE33A100E2143F /* Frameworks */,
				C8DFD8EB2BBE33A100E2143F /* Resources */,
			);
			buildRules = (
			);
			dependencies = (
				C8DFD8EF2BBE33A100E2143F /* PBXTargetDependency */,
			);
			name = SwiftUIMemoTests;
			productName = SwiftUIMemoTests;
			productReference = C8DFD8ED2BBE33A100E2143F /* SwiftUIMemoTests.xctest */;
			productType = "com.apple.product-type.bundle.unit-test";
		};
		C8DFD8F62BBE33A100E2143F /* SwiftUIMemoUITests */ = {
			isa = PBXNativeTarget;
			buildConfigurationList = C8DFD9072BBE33A100E2143F /* Build configuration list for PBXNativeTarget "SwiftUIMemoUITests" */;
			buildPhases = (
				C8DFD8F32BBE33A100E2143F /* Sources */,
				C8DFD8F42BBE33A100E2143F /* Frameworks */,
				C8DFD8F52BBE33A100E2143F /* Resources */,
			);
			buildRules = (
			);
			dependencies = (
				C8DFD8F92BBE33A100E2143F /* PBXTargetDependency */,
			);
			name = SwiftUIMemoUITests;
			productName = SwiftUIMemoUITests;
			productReference = C8DFD8F72BBE33A100E2143F /* SwiftUIMemoUITests.xctest */;
			productType = "com.apple.product-type.bundle.ui-testing";
		};
/* End PBXNativeTarget section */

/* Begin PBXProject section */
		C8DFD8CF2BBE339F00E2143F /* Project object */ = {
			isa = PBXProject;
			attributes = {
				BuildIndependentTargetsInParallel = 1;
				LastSwiftUpdateCheck = 1530;
				LastUpgradeCheck = 1530;
				TargetAttributes = {
					C8DFD8D62BBE339F00E2143F = {
						CreatedOnToolsVersion = 15.3;
					};
					C8DFD8EC2BBE33A100E2143F = {
						CreatedOnToolsVersion = 15.3;
						TestTargetID = C8DFD8D62BBE339F00E2143F;
					};
					C8DFD8F62BBE33A100E2143F = {
						CreatedOnToolsVersion = 15.3;
						TestTargetID = C8DFD8D62BBE339F00E2143F;
					};
				};
			};
			buildConfigurationList = C8DFD8D22BBE339F00E2143F /* Build configuration list for PBXProject "SwiftUIMemo" */;
			compatibilityVersion = "Xcode 14.0";
			developmentRegion = en;
			hasScannedForEncodings = 0;
			knownRegions = (
				en,
				Base,
			);
			mainGroup = C8DFD8CE2BBE339F00E2143F;
			productRefGroup = C8DFD8D82BBE339F00E2143F /* Products */;
			projectDirPath = "";
			projectRoot = "";
			targets = (
				C8DFD8D62BBE339F00E2143F /* SwiftUIMemo */,
				C8DFD8EC2BBE33A100E2143F /* SwiftUIMemoTests */,
				C8DFD8F62BBE33A100E2143F /* SwiftUIMemoUITests */,
			);
		};
/* End PBXProject section */

/* Begin PBXResourcesBuildPhase section */
		C8DFD8D52BBE339F00E2143F /* Resources */ = {
			isa = PBXResourcesBuildPhase;
			buildActionMask = 2147483647;
			files = (
				C8DFD8E82BBE33A100E2143F /* Preview Assets.xcassets in Resources */,
				C8DFD8E42BBE33A100E2143F /* Assets.xcassets in Resources */,
			);
			runOnlyForDeploymentPostprocessing = 0;
		};
		C8DFD8EB2BBE33A100E2143F /* Resources */ = {
			isa = PBXResourcesBuildPhase;
			buildActionMask = 2147483647;
			files = (
			);
			runOnlyForDeploymentPostprocessing = 0;
		};
		C8DFD8F52BBE33A100E2143F /* Resources */ = {
			isa = PBXResourcesBuildPhase;
			buildActionMask = 2147483647;
			files = (
			);
			runOnlyForDeploymentPostprocessing = 0;
		};
/* End PBXResourcesBuildPhase section */

/* Begin PBXSourcesBuildPhase section */
		C8DFD8D32BBE339F00E2143F /* Sources */ = {
			isa = PBXSourcesBuildPhase;
			buildActionMask = 2147483647;
			files = (
				C8DFD90B2BBE33EC00E2143F /* MainListView.swift in Sources */,
				C8DFD9112BBE361D00E2143F /* MemoStore.swift in Sources */,
				C8DFD8E02BBE339F00E2143F /* SwiftUIMemo.xcdatamodeld in Sources */,
				C8DFD8DB2BBE339F00E2143F /* SwiftUIMemoApp.swift in Sources */,
				C8DFD8DD2BBE339F00E2143F /* Persistence.swift in Sources */,
				C8DFD90F2BBE35A900E2143F /* Memo.swift in Sources */,
			);
			runOnlyForDeploymentPostprocessing = 0;
		};
		C8DFD8E92BBE33A100E2143F /* Sources */ = {
			isa = PBXSourcesBuildPhase;
			buildActionMask = 2147483647;
			files = (
				C8DFD8F22BBE33A100E2143F /* SwiftUIMemoTests.swift in Sources */,
			);
			runOnlyForDeploymentPostprocessing = 0;
		};
		C8DFD8F32BBE33A100E2143F /* Sources */ = {
			isa = PBXSourcesBuildPhase;
			buildActionMask = 2147483647;
			files = (
				C8DFD8FE2BBE33A100E2143F /* SwiftUIMemoUITestsLaunchTests.swift in Sources */,
				C8DFD8FC2BBE33A100E2143F /* SwiftUIMemoUITests.swift in Sources */,
			);
			runOnlyForDeploymentPostprocessing = 0;
		};
/* End PBXSourcesBuildPhase section */

/* Begin PBXTargetDependency section */
		C8DFD8EF2BBE33A100E2143F /* PBXTargetDependency */ = {
			isa = PBXTargetDependency;
			target = C8DFD8D62BBE339F00E2143F /* SwiftUIMemo */;
			targetProxy = C8DFD8EE2BBE33A100E2143F /* PBXContainerItemProxy */;
		};
		C8DFD8F92BBE33A100E2143F /* PBXTargetDependency */ = {
			isa = PBXTargetDependency;
			target = C8DFD8D62BBE339F00E2143F /* SwiftUIMemo */;
			targetProxy = C8DFD8F82BBE33A100E2143F /* PBXContainerItemProxy */;
		};
/* End PBXTargetDependency section */

/* Begin XCBuildConfiguration section */
		C8DFD8FF2BBE33A100E2143F /* Debug */ = {
			isa = XCBuildConfiguration;
			buildSettings = {
				ALWAYS_SEARCH_USER_PATHS = NO;
				ASSETCATALOG_COMPILER_GENERATE_SWIFT_ASSET_SYMBOL_EXTENSIONS = YES;
				CLANG_ANALYZER_NONNULL = YES;
				CLANG_ANALYZER_NUMBER_OBJECT_CONVERSION = YES_AGGRESSIVE;
				CLANG_CXX_LANGUAGE_STANDARD = "gnu++20";
				CLANG_ENABLE_MODULES = YES;
				CLANG_ENABLE_OBJC_ARC = YES;
				CLANG_ENABLE_OBJC_WEAK = YES;
				CLANG_WARN_BLOCK_CAPTURE_AUTORELEASING = YES;
				CLANG_WARN_BOOL_CONVERSION = YES;
				CLANG_WARN_COMMA = YES;
				CLANG_WARN_CONSTANT_CONVERSION = YES;
				CLANG_WARN_DEPRECATED_OBJC_IMPLEMENTATIONS = YES;
				CLANG_WARN_DIRECT_OBJC_ISA_USAGE = YES_ERROR;
				CLANG_WARN_DOCUMENTATION_COMMENTS = YES;
				CLANG_WARN_EMPTY_BODY = YES;
				CLANG_WARN_ENUM_CONVERSION = YES;
				CLANG_WARN_INFINITE_RECURSION = YES;
				CLANG_WARN_INT_CONVERSION = YES;
				CLANG_WARN_NON_LITERAL_NULL_CONVERSION = YES;
				CLANG_WARN_OBJC_IMPLICIT_RETAIN_SELF = YES;
				CLANG_WARN_OBJC_LITERAL_CONVERSION = YES;
				CLANG_WARN_OBJC_ROOT_CLASS = YES_ERROR;
				CLANG_WARN_QUOTED_INCLUDE_IN_FRAMEWORK_HEADER = YES;
				CLANG_WARN_RANGE_LOOP_ANALYSIS = YES;
				CLANG_WARN_STRICT_PROTOTYPES = YES;
				CLANG_WARN_SUSPICIOUS_MOVE = YES;
				CLANG_WARN_UNGUARDED_AVAILABILITY = YES_AGGRESSIVE;
				CLANG_WARN_UNREACHABLE_CODE = YES;
				CLANG_WARN__DUPLICATE_METHOD_MATCH = YES;
				COPY_PHASE_STRIP = NO;
				DEBUG_INFORMATION_FORMAT = dwarf;
				ENABLE_STRICT_OBJC_MSGSEND = YES;
				ENABLE_TESTABILITY = YES;
				ENABLE_USER_SCRIPT_SANDBOXING = YES;
				GCC_C_LANGUAGE_STANDARD = gnu17;
				GCC_DYNAMIC_NO_PIC = NO;
				GCC_NO_COMMON_BLOCKS = YES;
				GCC_OPTIMIZATION_LEVEL = 0;
				GCC_PREPROCESSOR_DEFINITIONS = (
					"DEBUG=1",
					"$(inherited)",
				);
				GCC_WARN_64_TO_32_BIT_CONVERSION = YES;
				GCC_WARN_ABOUT_RETURN_TYPE = YES_ERROR;
				GCC_WARN_UNDECLARED_SELECTOR = YES;
				GCC_WARN_UNINITIALIZED_AUTOS = YES_AGGRESSIVE;
				GCC_WARN_UNUSED_FUNCTION = YES;
				GCC_WARN_UNUSED_VARIABLE = YES;
				LOCALIZATION_PREFERS_STRING_CATALOGS = YES;
				MTL_ENABLE_DEBUG_INFO = INCLUDE_SOURCE;
				MTL_FAST_MATH = YES;
				ONLY_ACTIVE_ARCH = YES;
				SWIFT_ACTIVE_COMPILATION_CONDITIONS = "DEBUG $(inherited)";
				SWIFT_OPTIMIZATION_LEVEL = "-Onone";
			};
			name = Debug;
		};
		C8DFD9002BBE33A100E2143F /* Release */ = {
			isa = XCBuildConfiguration;
			buildSettings = {
				ALWAYS_SEARCH_USER_PATHS = NO;
				ASSETCATALOG_COMPILER_GENERATE_SWIFT_ASSET_SYMBOL_EXTENSIONS = YES;
				CLANG_ANALYZER_NONNULL = YES;
				CLANG_ANALYZER_NUMBER_OBJECT_CONVERSION = YES_AGGRESSIVE;
				CLANG_CXX_LANGUAGE_STANDARD = "gnu++20";
				CLANG_ENABLE_MODULES = YES;
				CLANG_ENABLE_OBJC_ARC = YES;
				CLANG_ENABLE_OBJC_WEAK = YES;
				CLANG_WARN_BLOCK_CAPTURE_AUTORELEASING = YES;
				CLANG_WARN_BOOL_CONVERSION = YES;
				CLANG_WARN_COMMA = YES;
				CLANG_WARN_CONSTANT_CONVERSION = YES;
				CLANG_WARN_DEPRECATED_OBJC_IMPLEMENTATIONS = YES;
				CLANG_WARN_DIRECT_OBJC_ISA_USAGE = YES_ERROR;
				CLANG_WARN_DOCUMENTATION_COMMENTS = YES;
				CLANG_WARN_EMPTY_BODY = YES;
				CLANG_WARN_ENUM_CONVERSION = YES;
				CLANG_WARN_INFINITE_RECURSION = YES;
				CLANG_WARN_INT_CONVERSION = YES;
				CLANG_WARN_NON_LITERAL_NULL_CONVERSION = YES;
				CLANG_WARN_OBJC_IMPLICIT_RETAIN_SELF = YES;
				CLANG_WARN_OBJC_LITERAL_CONVERSION = YES;
				CLANG_WARN_OBJC_ROOT_CLASS = YES_ERROR;
				CLANG_WARN_QUOTED_INCLUDE_IN_FRAMEWORK_HEADER = YES;
				CLANG_WARN_RANGE_LOOP_ANALYSIS = YES;
				CLANG_WARN_STRICT_PROTOTYPES = YES;
				CLANG_WARN_SUSPICIOUS_MOVE = YES;
				CLANG_WARN_UNGUARDED_AVAILABILITY = YES_AGGRESSIVE;
				CLANG_WARN_UNREACHABLE_CODE = YES;
				CLANG_WARN__DUPLICATE_METHOD_MATCH = YES;
				COPY_PHASE_STRIP = NO;
				DEBUG_INFORMATION_FORMAT = "dwarf-with-dsym";
				ENABLE_NS_ASSERTIONS = NO;
				ENABLE_STRICT_OBJC_MSGSEND = YES;
				ENABLE_USER_SCRIPT_SANDBOXING = YES;
				GCC_C_LANGUAGE_STANDARD = gnu17;
				GCC_NO_COMMON_BLOCKS = YES;
				GCC_WARN_64_TO_32_BIT_CONVERSION = YES;
				GCC_WARN_ABOUT_RETURN_TYPE = YES_ERROR;
				GCC_WARN_UNDECLARED_SELECTOR = YES;
				GCC_WARN_UNINITIALIZED_AUTOS = YES_AGGRESSIVE;
				GCC_WARN_UNUSED_FUNCTION = YES;
				GCC_WARN_UNUSED_VARIABLE = YES;
				LOCALIZATION_PREFERS_STRING_CATALOGS = YES;
				MTL_ENABLE_DEBUG_INFO = NO;
				MTL_FAST_MATH = YES;
				SWIFT_COMPILATION_MODE = wholemodule;
			};
			name = Release;
		};
		C8DFD9022BBE33A100E2143F /* Debug */ = {
			isa = XCBuildConfiguration;
			buildSettings = {
				ASSETCATALOG_COMPILER_APPICON_NAME = AppIcon;
				ASSETCATALOG_COMPILER_GLOBAL_ACCENT_COLOR_NAME = AccentColor;
				CODE_SIGN_ENTITLEMENTS = SwiftUIMemo/SwiftUIMemo.entitlements;
				CODE_SIGN_STYLE = Automatic;
				CURRENT_PROJECT_VERSION = 1;
				DEVELOPMENT_ASSET_PATHS = "\"SwiftUIMemo/Preview Content\"";
				ENABLE_PREVIEWS = YES;
				GENERATE_INFOPLIST_FILE = YES;
				"INFOPLIST_KEY_UIApplicationSceneManifest_Generation[sdk=iphoneos*]" = YES;
				"INFOPLIST_KEY_UIApplicationSceneManifest_Generation[sdk=iphonesimulator*]" = YES;
				"INFOPLIST_KEY_UIApplicationSupportsIndirectInputEvents[sdk=iphoneos*]" = YES;
				"INFOPLIST_KEY_UIApplicationSupportsIndirectInputEvents[sdk=iphonesimulator*]" = YES;
				"INFOPLIST_KEY_UILaunchScreen_Generation[sdk=iphoneos*]" = YES;
				"INFOPLIST_KEY_UILaunchScreen_Generation[sdk=iphonesimulator*]" = YES;
				"INFOPLIST_KEY_UIStatusBarStyle[sdk=iphoneos*]" = UIStatusBarStyleDefault;
				"INFOPLIST_KEY_UIStatusBarStyle[sdk=iphonesimulator*]" = UIStatusBarStyleDefault;
				INFOPLIST_KEY_UISupportedInterfaceOrientations_iPad = "UIInterfaceOrientationPortrait UIInterfaceOrientationPortraitUpsideDown UIInterfaceOrientationLandscapeLeft UIInterfaceOrientationLandscapeRight";
				INFOPLIST_KEY_UISupportedInterfaceOrientations_iPhone = "UIInterfaceOrientationPortrait UIInterfaceOrientationLandscapeLeft UIInterfaceOrientationLandscapeRight";
				IPHONEOS_DEPLOYMENT_TARGET = 17.4;
				LD_RUNPATH_SEARCH_PATHS = "@executable_path/Frameworks";
				"LD_RUNPATH_SEARCH_PATHS[sdk=macosx*]" = "@executable_path/../Frameworks";
				MACOSX_DEPLOYMENT_TARGET = 14.3;
				MARKETING_VERSION = 1.0;
				PRODUCT_BUNDLE_IDENTIFIER = khj.SwiftUIMemo;
				PRODUCT_NAME = "$(TARGET_NAME)";
				SDKROOT = auto;
				SUPPORTED_PLATFORMS = "iphoneos iphonesimulator macosx";
				SWIFT_EMIT_LOC_STRINGS = YES;
				SWIFT_VERSION = 5.0;
				TARGETED_DEVICE_FAMILY = "1,2";
			};
			name = Debug;
		};
		C8DFD9032BBE33A100E2143F /* Release */ = {
			isa = XCBuildConfiguration;
			buildSettings = {
				ASSETCATALOG_COMPILER_APPICON_NAME = AppIcon;
				ASSETCATALOG_COMPILER_GLOBAL_ACCENT_COLOR_NAME = AccentColor;
				CODE_SIGN_ENTITLEMENTS = SwiftUIMemo/SwiftUIMemo.entitlements;
				CODE_SIGN_STYLE = Automatic;
				CURRENT_PROJECT_VERSION = 1;
				DEVELOPMENT_ASSET_PATHS = "\"SwiftUIMemo/Preview Content\"";
				ENABLE_PREVIEWS = YES;
				GENERATE_INFOPLIST_FILE = YES;
				"INFOPLIST_KEY_UIApplicationSceneManifest_Generation[sdk=iphoneos*]" = YES;
				"INFOPLIST_KEY_UIApplicationSceneManifest_Generation[sdk=iphonesimulator*]" = YES;
				"INFOPLIST_KEY_UIApplicationSupportsIndirectInputEvents[sdk=iphoneos*]" = YES;
				"INFOPLIST_KEY_UIApplicationSupportsIndirectInputEvents[sdk=iphonesimulator*]" = YES;
				"INFOPLIST_KEY_UILaunchScreen_Generation[sdk=iphoneos*]" = YES;
				"INFOPLIST_KEY_UILaunchScreen_Generation[sdk=iphonesimulator*]" = YES;
				"INFOPLIST_KEY_UIStatusBarStyle[sdk=iphoneos*]" = UIStatusBarStyleDefault;
				"INFOPLIST_KEY_UIStatusBarStyle[sdk=iphonesimulator*]" = UIStatusBarStyleDefault;
				INFOPLIST_KEY_UISupportedInterfaceOrientations_iPad = "UIInterfaceOrientationPortrait UIInterfaceOrientationPortraitUpsideDown UIInterfaceOrientationLandscapeLeft UIInterfaceOrientationLandscapeRight";
				INFOPLIST_KEY_UISupportedInterfaceOrientations_iPhone = "UIInterfaceOrientationPortrait UIInterfaceOrientationLandscapeLeft UIInterfaceOrientationLandscapeRight";
				IPHONEOS_DEPLOYMENT_TARGET = 17.4;
				LD_RUNPATH_SEARCH_PATHS = "@executable_path/Frameworks";
				"LD_RUNPATH_SEARCH_PATHS[sdk=macosx*]" = "@executable_path/../Frameworks";
				MACOSX_DEPLOYMENT_TARGET = 14.3;
				MARKETING_VERSION = 1.0;
				PRODUCT_BUNDLE_IDENTIFIER = khj.SwiftUIMemo;
				PRODUCT_NAME = "$(TARGET_NAME)";
				SDKROOT = auto;
				SUPPORTED_PLATFORMS = "iphoneos iphonesimulator macosx";
				SWIFT_EMIT_LOC_STRINGS = YES;
				SWIFT_VERSION = 5.0;
				TARGETED_DEVICE_FAMILY = "1,2";
			};
			name = Release;
		};
		C8DFD9052BBE33A100E2143F /* Debug */ = {
			isa = XCBuildConfiguration;
			buildSettings = {
				ALWAYS_EMBED_SWIFT_STANDARD_LIBRARIES = YES;
				BUNDLE_LOADER = "$(TEST_HOST)";
				CODE_SIGN_STYLE = Automatic;
				CURRENT_PROJECT_VERSION = 1;
				GENERATE_INFOPLIST_FILE = YES;
				IPHONEOS_DEPLOYMENT_TARGET = 17.4;
				MACOSX_DEPLOYMENT_TARGET = 14.3;
				MARKETING_VERSION = 1.0;
				PRODUCT_BUNDLE_IDENTIFIER = khj.SwiftUIMemoTests;
				PRODUCT_NAME = "$(TARGET_NAME)";
				SDKROOT = auto;
				SUPPORTED_PLATFORMS = "iphoneos iphonesimulator macosx";
				SWIFT_EMIT_LOC_STRINGS = NO;
				SWIFT_VERSION = 5.0;
				TARGETED_DEVICE_FAMILY = "1,2";
				TEST_HOST = "$(BUILT_PRODUCTS_DIR)/SwiftUIMemo.app/$(BUNDLE_EXECUTABLE_FOLDER_PATH)/SwiftUIMemo";
			};
			name = Debug;
		};
		C8DFD9062BBE33A100E2143F /* Release */ = {
			isa = XCBuildConfiguration;
			buildSettings = {
				ALWAYS_EMBED_SWIFT_STANDARD_LIBRARIES = YES;
				BUNDLE_LOADER = "$(TEST_HOST)";
				CODE_SIGN_STYLE = Automatic;
				CURRENT_PROJECT_VERSION = 1;
				GENERATE_INFOPLIST_FILE = YES;
				IPHONEOS_DEPLOYMENT_TARGET = 17.4;
				MACOSX_DEPLOYMENT_TARGET = 14.3;
				MARKETING_VERSION = 1.0;
				PRODUCT_BUNDLE_IDENTIFIER = khj.SwiftUIMemoTests;
				PRODUCT_NAME = "$(TARGET_NAME)";
				SDKROOT = auto;
				SUPPORTED_PLATFORMS = "iphoneos iphonesimulator macosx";
				SWIFT_EMIT_LOC_STRINGS = NO;
				SWIFT_VERSION = 5.0;
				TARGETED_DEVICE_FAMILY = "1,2";
				TEST_HOST = "$(BUILT_PRODUCTS_DIR)/SwiftUIMemo.app/$(BUNDLE_EXECUTABLE_FOLDER_PATH)/SwiftUIMemo";
			};
			name = Release;
		};
		C8DFD9082BBE33A100E2143F /* Debug */ = {
			isa = XCBuildConfiguration;
			buildSettings = {
				ALWAYS_EMBED_SWIFT_STANDARD_LIBRARIES = YES;
				CODE_SIGN_STYLE = Automatic;
				CURRENT_PROJECT_VERSION = 1;
				GENERATE_INFOPLIST_FILE = YES;
				IPHONEOS_DEPLOYMENT_TARGET = 17.4;
				MACOSX_DEPLOYMENT_TARGET = 14.3;
				MARKETING_VERSION = 1.0;
				PRODUCT_BUNDLE_IDENTIFIER = khj.SwiftUIMemoUITests;
				PRODUCT_NAME = "$(TARGET_NAME)";
				SDKROOT = auto;
				SUPPORTED_PLATFORMS = "iphoneos iphonesimulator macosx";
				SWIFT_EMIT_LOC_STRINGS = NO;
				SWIFT_VERSION = 5.0;
				TARGETED_DEVICE_FAMILY = "1,2";
				TEST_TARGET_NAME = SwiftUIMemo;
			};
			name = Debug;
		};
		C8DFD9092BBE33A100E2143F /* Release */ = {
			isa = XCBuildConfiguration;
			buildSettings = {
				ALWAYS_EMBED_SWIFT_STANDARD_LIBRARIES = YES;
				CODE_SIGN_STYLE = Automatic;
				CURRENT_PROJECT_VERSION = 1;
				GENERATE_INFOPLIST_FILE = YES;
				IPHONEOS_DEPLOYMENT_TARGET = 17.4;
				MACOSX_DEPLOYMENT_TARGET = 14.3;
				MARKETING_VERSION = 1.0;
				PRODUCT_BUNDLE_IDENTIFIER = khj.SwiftUIMemoUITests;
				PRODUCT_NAME = "$(TARGET_NAME)";
				SDKROOT = auto;
				SUPPORTED_PLATFORMS = "iphoneos iphonesimulator macosx";
				SWIFT_EMIT_LOC_STRINGS = NO;
				SWIFT_VERSION = 5.0;
				TARGETED_DEVICE_FAMILY = "1,2";
				TEST_TARGET_NAME = SwiftUIMemo;
			};
			name = Release;
		};
/* End XCBuildConfiguration section */

/* Begin XCConfigurationList section */
		C8DFD8D22BBE339F00E2143F /* Build configuration list for PBXProject "SwiftUIMemo" */ = {
			isa = XCConfigurationList;
			buildConfigurations = (
				C8DFD8FF2BBE33A100E2143F /* Debug */,
				C8DFD9002BBE33A100E2143F /* Release */,
			);
			defaultConfigurationIsVisible = 0;
			defaultConfigurationName = Release;
		};
		C8DFD9012BBE33A100E2143F /* Build configuration list for PBXNativeTarget "SwiftUIMemo" */ = {
			isa = XCConfigurationList;
			buildConfigurations = (
				C8DFD9022BBE33A100E2143F /* Debug */,
				C8DFD9032BBE33A100E2143F /* Release */,
			);
			defaultConfigurationIsVisible = 0;
			defaultConfigurationName = Release;
		};
		C8DFD9042BBE33A100E2143F /* Build configuration list for PBXNativeTarget "SwiftUIMemoTests" */ = {
			isa = XCConfigurationList;
			buildConfigurations = (
				C8DFD9052BBE33A100E2143F /* Debug */,
				C8DFD9062BBE33A100E2143F /* Release */,
			);
			defaultConfigurationIsVisible = 0;
			defaultConfigurationName = Release;
		};
		C8DFD9072BBE33A100E2143F /* Build configuration list for PBXNativeTarget "SwiftUIMemoUITests" */ = {
			isa = XCConfigurationList;
			buildConfigurations = (
				C8DFD9082BBE33A100E2143F /* Debug */,
				C8DFD9092BBE33A100E2143F /* Release */,
			);
			defaultConfigurationIsVisible = 0;
			defaultConfigurationName = Release;
		};
/* End XCConfigurationList section */

/* Begin XCVersionGroup section */
		C8DFD8DE2BBE339F00E2143F /* SwiftUIMemo.xcdatamodeld */ = {
			isa = XCVersionGroup;
			children = (
				C8DFD8DF2BBE339F00E2143F /* SwiftUIMemo.xcdatamodel */,
			);
			currentVersion = C8DFD8DF2BBE339F00E2143F /* SwiftUIMemo.xcdatamodel */;
			path = SwiftUIMemo.xcdatamodeld;
			sourceTree = "<group>";
			versionGroupType = wrapper.xcdatamodel;
		};
/* End XCVersionGroup section */
	};
	rootObject = C8DFD8CF2BBE339F00E2143F /* Project object */;
}
